{
  "requires": true,
  "lockfileVersion": 1,
  "dependencies": {
    "@types/webappsec-credential-management": {
      "version": "0.3.10",
      "resolved": "https://registry.npmjs.org/@types/webappsec-credential-management/-/webappsec-credential-management-0.3.10.tgz",
      "integrity": "sha512-Zs6XsEw15jqbkHiVMW3YSUq2KUpkg/lojxbcdNQAevbHwI1eQBSbw3rxiVEpwFmRsY/9YR34hPLUBU6jEB1fnA=="
    }
  }
}
